// !$*UTF8*$!
{
	archiveVersion = 1;
	classes = {
	};
	objectVersion = 56;
	objects = {

/* Begin PBXBuildFile section */
		534E98462C58B7C200EBF307 /* AppDelegate.swift in Sources */ = {isa = PBXBuildFile; fileRef = 534E98452C58B7C200EBF307 /* AppDelegate.swift */; };
		534E98482C58B7C200EBF307 /* SceneDelegate.swift in Sources */ = {isa = PBXBuildFile; fileRef = 534E98472C58B7C200EBF307 /* SceneDelegate.swift */; };
		534E984A2C58B7C200EBF307 /* MovieDataListViewController.swift in Sources */ = {isa = PBXBuildFile; fileRef = 534E98492C58B7C200EBF307 /* MovieDataListViewController.swift */; };
		534E984D2C58B7C200EBF307 /* Base in Resources */ = {isa = PBXBuildFile; fileRef = 534E984C2C58B7C200EBF307 /* Base */; };
		534E984F2C58B7C300EBF307 /* Assets.xcassets in Resources */ = {isa = PBXBuildFile; fileRef = 534E984E2C58B7C300EBF307 /* Assets.xcassets */; };
		534E98522C58B7C300EBF307 /* Base in Resources */ = {isa = PBXBuildFile; fileRef = 534E98512C58B7C300EBF307 /* Base */; };
		534E985A2C58B7E400EBF307 /* movies.json in Resources */ = {isa = PBXBuildFile; fileRef = 534E98592C58B7E400EBF307 /* movies.json */; };
		534E985C2C58B8EF00EBF307 /* MovieModel.swift in Sources */ = {isa = PBXBuildFile; fileRef = 534E985B2C58B8EF00EBF307 /* MovieModel.swift */; };
		534E985E2C58B95B00EBF307 /* ServiceManager.swift in Sources */ = {isa = PBXBuildFile; fileRef = 534E985D2C58B95B00EBF307 /* ServiceManager.swift */; };
		534E98602C58BBDD00EBF307 /* MovieDetailViewController.swift in Sources */ = {isa = PBXBuildFile; fileRef = 534E985F2C58BBDD00EBF307 /* MovieDetailViewController.swift */; };
		534E98622C58D43B00EBF307 /* MovieCell.swift in Sources */ = {isa = PBXBuildFile; fileRef = 534E98612C58D43B00EBF307 /* MovieCell.swift */; };
		534E98642C58F99400EBF307 /* MovieListViewController.swift in Sources */ = {isa = PBXBuildFile; fileRef = 534E98632C58F99400EBF307 /* MovieListViewController.swift */; };
		534E98662C58FA9800EBF307 /* MovieListCell.swift in Sources */ = {isa = PBXBuildFile; fileRef = 534E98652C58FA9800EBF307 /* MovieListCell.swift */; };
		534E98682C590C3600EBF307 /* MovieListCell.xib in Resources */ = {isa = PBXBuildFile; fileRef = 534E98672C590C3600EBF307 /* MovieListCell.xib */; };
		534E986A2C59132B00EBF307 /* Utils.swift in Sources */ = {isa = PBXBuildFile; fileRef = 534E98692C59132B00EBF307 /* Utils.swift */; };
/* End PBXBuildFile section */

/* Begin PBXFileReference section */
		534E98422C58B7C200EBF307 /* CriccBuzzMovieApp.app */ = {isa = PBXFileReference; explicitFileType = wrapper.application; includeInIndex = 0; path = CriccBuzzMovieApp.app; sourceTree = BUILT_PRODUCTS_DIR; };
		534E98452C58B7C200EBF307 /* AppDelegate.swift */ = {isa = PBXFileReference; lastKnownFileType = sourcecode.swift; path = AppDelegate.swift; sourceTree = "<group>"; };
		534E98472C58B7C200EBF307 /* SceneDelegate.swift */ = {isa = PBXFileReference; lastKnownFileType = sourcecode.swift; path = SceneDelegate.swift; sourceTree = "<group>"; };
		534E98492C58B7C200EBF307 /* MovieDataListViewController.swift */ = {isa = PBXFileReference; lastKnownFileType = sourcecode.swift; path = MovieDataListViewController.swift; sourceTree = "<group>"; };
		534E984C2C58B7C200EBF307 /* Base */ = {isa = PBXFileReference; lastKnownFileType = file.storyboard; name = Base; path = Base.lproj/Main.storyboard; sourceTree = "<group>"; };
		534E984E2C58B7C300EBF307 /* Assets.xcassets */ = {isa = PBXFileReference; lastKnownFileType = folder.assetcatalog; path = Assets.xcassets; sourceTree = "<group>"; };
		534E98512C58B7C300EBF307 /* Base */ = {isa = PBXFileReference; lastKnownFileType = file.storyboard; name = Base; path = Base.lproj/LaunchScreen.storyboard; sourceTree = "<group>"; };
		534E98532C58B7C300EBF307 /* Info.plist */ = {isa = PBXFileReference; lastKnownFileType = text.plist.xml; path = Info.plist; sourceTree = "<group>"; };
		534E98592C58B7E400EBF307 /* movies.json */ = {isa = PBXFileReference; fileEncoding = 4; lastKnownFileType = text.json; path = movies.json; sourceTree = "<group>"; };
		534E985B2C58B8EF00EBF307 /* MovieModel.swift */ = {isa = PBXFileReference; lastKnownFileType = sourcecode.swift; path = MovieModel.swift; sourceTree = "<group>"; };
		534E985D2C58B95B00EBF307 /* ServiceManager.swift */ = {isa = PBXFileReference; lastKnownFileType = sourcecode.swift; path = ServiceManager.swift; sourceTree = "<group>"; };
		534E985F2C58BBDD00EBF307 /* MovieDetailViewController.swift */ = {isa = PBXFileReference; lastKnownFileType = sourcecode.swift; path = MovieDetailViewController.swift; sourceTree = "<group>"; };
		534E98612C58D43B00EBF307 /* MovieCell.swift */ = {isa = PBXFileReference; lastKnownFileType = sourcecode.swift; path = MovieCell.swift; sourceTree = "<group>"; };
		534E98632C58F99400EBF307 /* MovieListViewController.swift */ = {isa = PBXFileReference; lastKnownFileType = sourcecode.swift; path = MovieListViewController.swift; sourceTree = "<group>"; };
		534E98652C58FA9800EBF307 /* MovieListCell.swift */ = {isa = PBXFileReference; lastKnownFileType = sourcecode.swift; path = MovieListCell.swift; sourceTree = "<group>"; };
		534E98672C590C3600EBF307 /* MovieListCell.xib */ = {isa = PBXFileReference; lastKnownFileType = file.xib; path = MovieListCell.xib; sourceTree = "<group>"; };
		534E98692C59132B00EBF307 /* Utils.swift */ = {isa = PBXFileReference; lastKnownFileType = sourcecode.swift; path = Utils.swift; sourceTree = "<group>"; };
/* End PBXFileReference section */

/* Begin PBXFrameworksBuildPhase section */
		534E983F2C58B7C200EBF307 /* Frameworks */ = {
			isa = PBXFrameworksBuildPhase;
			buildActionMask = 2147483647;
			files = (
			);
			runOnlyForDeploymentPostprocessing = 0;
		};
/* End PBXFrameworksBuildPhase section */

/* Begin PBXGroup section */
		534E98392C58B7C200EBF307 = {
			isa = PBXGroup;
			children = (
				534E98442C58B7C200EBF307 /* CriccBuzzMovieApp */,
				534E98432C58B7C200EBF307 /* Products */,
			);
			sourceTree = "<group>";
		};
		534E98432C58B7C200EBF307 /* Products */ = {
			isa = PBXGroup;
			children = (
				534E98422C58B7C200EBF307 /* CriccBuzzMovieApp.app */,
			);
			name = Products;
			sourceTree = "<group>";
		};
		534E98442C58B7C200EBF307 /* CriccBuzzMovieApp */ = {
			isa = PBXGroup;
			children = (
				534E98452C58B7C200EBF307 /* AppDelegate.swift */,
				534E98472C58B7C200EBF307 /* SceneDelegate.swift */,
				534E986B2C595DE000EBF307 /* MovieDataList */,
				534E986F2C595E3E00EBF307 /* MovieList */,
				534E98742C595F0B00EBF307 /* MovieDetail */,
				534E984B2C58B7C200EBF307 /* Main.storyboard */,
				534E984E2C58B7C300EBF307 /* Assets.xcassets */,
				534E98502C58B7C300EBF307 /* LaunchScreen.storyboard */,
				534E98532C58B7C300EBF307 /* Info.plist */,
				534E98592C58B7E400EBF307 /* movies.json */,
				534E985D2C58B95B00EBF307 /* ServiceManager.swift */,
				534E98692C59132B00EBF307 /* Utils.swift */,
			);
			path = CriccBuzzMovieApp;
			sourceTree = "<group>";
		};
		534E986B2C595DE000EBF307 /* MovieDataList */ = {
			isa = PBXGroup;
			children = (
				534E986E2C595E0600EBF307 /* Controller */,
				534E98732C595EE800EBF307 /* View */,
				534E986C2C595DF500EBF307 /* Model */,
			);
			path = MovieDataList;
			sourceTree = "<group>";
		};
		534E986C2C595DF500EBF307 /* Model */ = {
			isa = PBXGroup;
			children = (
				534E985B2C58B8EF00EBF307 /* MovieModel.swift */,
			);
			path = Model;
			sourceTree = "<group>";
		};
		534E986E2C595E0600EBF307 /* Controller */ = {
			isa = PBXGroup;
			children = (
				534E98492C58B7C200EBF307 /* MovieDataListViewController.swift */,
			);
			path = Controller;
			sourceTree = "<group>";
		};
		534E986F2C595E3E00EBF307 /* MovieList */ = {
			isa = PBXGroup;
			children = (
				534E98722C595E5600EBF307 /* Controller */,
				534E98712C595E4F00EBF307 /* View */,
			);
			path = MovieList;
			sourceTree = "<group>";
		};
		534E98712C595E4F00EBF307 /* View */ = {
			isa = PBXGroup;
			children = (
				534E98672C590C3600EBF307 /* MovieListCell.xib */,
				534E98652C58FA9800EBF307 /* MovieListCell.swift */,
			);
			path = View;
			sourceTree = "<group>";
		};
		534E98722C595E5600EBF307 /* Controller */ = {
			isa = PBXGroup;
			children = (
				534E98632C58F99400EBF307 /* MovieListViewController.swift */,
			);
			path = Controller;
			sourceTree = "<group>";
		};
		534E98732C595EE800EBF307 /* View */ = {
			isa = PBXGroup;
			children = (
				534E98612C58D43B00EBF307 /* MovieCell.swift */,
			);
			path = View;
			sourceTree = "<group>";
		};
		534E98742C595F0B00EBF307 /* MovieDetail */ = {
			isa = PBXGroup;
			children = (
				534E985F2C58BBDD00EBF307 /* MovieDetailViewController.swift */,
			);
			path = MovieDetail;
			sourceTree = "<group>";
		};
/* End PBXGroup section */

/* Begin PBXNativeTarget section */
		534E98412C58B7C200EBF307 /* CriccBuzzMovieApp */ = {
			isa = PBXNativeTarget;
			buildConfigurationList = 534E98562C58B7C300EBF307 /* Build configuration list for PBXNativeTarget "CriccBuzzMovieApp" */;
			buildPhases = (
				534E983E2C58B7C200EBF307 /* Sources */,
				534E983F2C58B7C200EBF307 /* Frameworks */,
				534E98402C58B7C200EBF307 /* Resources */,
			);
			buildRules = (
			);
			dependencies = (
			);
			name = CriccBuzzMovieApp;
			productName = CriccBuzzMovieApp;
			productReference = 534E98422C58B7C200EBF307 /* CriccBuzzMovieApp.app */;
			productType = "com.apple.product-type.application";
		};
/* End PBXNativeTarget section */

/* Begin PBXProject section */
		534E983A2C58B7C200EBF307 /* Project object */ = {
			isa = PBXProject;
			attributes = {
				BuildIndependentTargetsInParallel = 1;
				LastSwiftUpdateCheck = 1540;
				LastUpgradeCheck = 1540;
				TargetAttributes = {
					534E98412C58B7C200EBF307 = {
						CreatedOnToolsVersion = 15.4;
					};
				};
			};
			buildConfigurationList = 534E983D2C58B7C200EBF307 /* Build configuration list for PBXProject "CriccBuzzMovieApp" */;
			compatibilityVersion = "Xcode 14.0";
			developmentRegion = en;
			hasScannedForEncodings = 0;
			knownRegions = (
				en,
				Base,
			);
			mainGroup = 534E98392C58B7C200EBF307;
			productRefGroup = 534E98432C58B7C200EBF307 /* Products */;
			projectDirPath = "";
			projectRoot = "";
			targets = (
				534E98412C58B7C200EBF307 /* CriccBuzzMovieApp */,
			);
		};
/* End PBXProject section */

/* Begin PBXResourcesBuildPhase section */
		534E98402C58B7C200EBF307 /* Resources */ = {
			isa = PBXResourcesBuildPhase;
			buildActionMask = 2147483647;
			files = (
				534E984F2C58B7C300EBF307 /* Assets.xcassets in Resources */,
				534E98522C58B7C300EBF307 /* Base in Resources */,
				534E985A2C58B7E400EBF307 /* movies.json in Resources */,
				534E98682C590C3600EBF307 /* MovieListCell.xib in Resources */,
				534E984D2C58B7C200EBF307 /* Base in Resources */,
			);
			runOnlyForDeploymentPostprocessing = 0;
		};
/* End PBXResourcesBuildPhase section */

/* Begin PBXSourcesBuildPhase section */
		534E983E2C58B7C200EBF307 /* Sources */ = {
			isa = PBXSourcesBuildPhase;
			buildActionMask = 2147483647;
			files = (
				534E98622C58D43B00EBF307 /* MovieCell.swift in Sources */,
				534E985C2C58B8EF00EBF307 /* MovieModel.swift in Sources */,
				534E984A2C58B7C200EBF307 /* MovieDataListViewController.swift in Sources */,
				534E98642C58F99400EBF307 /* MovieListViewController.swift in Sources */,
				534E98462C58B7C200EBF307 /* AppDelegate.swift in Sources */,
				534E986A2C59132B00EBF307 /* Utils.swift in Sources */,
				534E98482C58B7C200EBF307 /* SceneDelegate.swift in Sources */,
				534E98602C58BBDD00EBF307 /* MovieDetailViewController.swift in Sources */,
				534E985E2C58B95B00EBF307 /* ServiceManager.swift in Sources */,
				534E98662C58FA9800EBF307 /* MovieListCell.swift in Sources */,
			);
			runOnlyForDeploymentPostprocessing = 0;
		};
/* End PBXSourcesBuildPhase section */

/* Begin PBXVariantGroup section */
		534E984B2C58B7C200EBF307 /* Main.storyboard */ = {
			isa = PBXVariantGroup;
			children = (
				534E984C2C58B7C200EBF307 /* Base */,
			);
			name = Main.storyboard;
			sourceTree = "<group>";
		};
		534E98502C58B7C300EBF307 /* LaunchScreen.storyboard */ = {
			isa = PBXVariantGroup;
			children = (
				534E98512C58B7C300EBF307 /* Base */,
			);
			name = LaunchScreen.storyboard;
			sourceTree = "<group>";
		};
/* End PBXVariantGroup section */

/* Begin XCBuildConfiguration section */
		534E98542C58B7C300EBF307 /* Debug */ = {
			isa = XCBuildConfiguration;
			buildSettings = {
				ALWAYS_SEARCH_USER_PATHS = NO;
				ASSETCATALOG_COMPILER_GENERATE_SWIFT_ASSET_SYMBOL_EXTENSIONS = YES;
				CLANG_ANALYZER_NONNULL = YES;
				CLANG_ANALYZER_NUMBER_OBJECT_CONVERSION = YES_AGGRESSIVE;
				CLANG_CXX_LANGUAGE_STANDARD = "gnu++20";
				CLANG_ENABLE_MODULES = YES;
				CLANG_ENABLE_OBJC_ARC = YES;
				CLANG_ENABLE_OBJC_WEAK = YES;
				CLANG_WARN_BLOCK_CAPTURE_AUTORELEASING = YES;
				CLANG_WARN_BOOL_CONVERSION = YES;
				CLANG_WARN_COMMA = YES;
				CLANG_WARN_CONSTANT_CONVERSION = YES;
				CLANG_WARN_DEPRECATED_OBJC_IMPLEMENTATIONS = YES;
				CLANG_WARN_DIRECT_OBJC_ISA_USAGE = YES_ERROR;
				CLANG_WARN_DOCUMENTATION_COMMENTS = YES;
				CLANG_WARN_EMPTY_BODY = YES;
				CLANG_WARN_ENUM_CONVERSION = YES;
				CLANG_WARN_INFINITE_RECURSION = YES;
				CLANG_WARN_INT_CONVERSION = YES;
				CLANG_WARN_NON_LITERAL_NULL_CONVERSION = YES;
				CLANG_WARN_OBJC_IMPLICIT_RETAIN_SELF = YES;
				CLANG_WARN_OBJC_LITERAL_CONVERSION = YES;
				CLANG_WARN_OBJC_ROOT_CLASS = YES_ERROR;
				CLANG_WARN_QUOTED_INCLUDE_IN_FRAMEWORK_HEADER = YES;
				CLANG_WARN_RANGE_LOOP_ANALYSIS = YES;
				CLANG_WARN_STRICT_PROTOTYPES = YES;
				CLANG_WARN_SUSPICIOUS_MOVE = YES;
				CLANG_WARN_UNGUARDED_AVAILABILITY = YES_AGGRESSIVE;
				CLANG_WARN_UNREACHABLE_CODE = YES;
				CLANG_WARN__DUPLICATE_METHOD_MATCH = YES;
				COPY_PHASE_STRIP = NO;
				DEBUG_INFORMATION_FORMAT = dwarf;
				ENABLE_STRICT_OBJC_MSGSEND = YES;
				ENABLE_TESTABILITY = YES;
				ENABLE_USER_SCRIPT_SANDBOXING = YES;
				GCC_C_LANGUAGE_STANDARD = gnu17;
				GCC_DYNAMIC_NO_PIC = NO;
				GCC_NO_COMMON_BLOCKS = YES;
				GCC_OPTIMIZATION_LEVEL = 0;
				GCC_PREPROCESSOR_DEFINITIONS = (
					"DEBUG=1",
					"$(inherited)",
				);
				GCC_WARN_64_TO_32_BIT_CONVERSION = YES;
				GCC_WARN_ABOUT_RETURN_TYPE = YES_ERROR;
				GCC_WARN_UNDECLARED_SELECTOR = YES;
				GCC_WARN_UNINITIALIZED_AUTOS = YES_AGGRESSIVE;
				GCC_WARN_UNUSED_FUNCTION = YES;
				GCC_WARN_UNUSED_VARIABLE = YES;
				IPHONEOS_DEPLOYMENT_TARGET = 17.5;
				LOCALIZATION_PREFERS_STRING_CATALOGS = YES;
				MTL_ENABLE_DEBUG_INFO = INCLUDE_SOURCE;
				MTL_FAST_MATH = YES;
				ONLY_ACTIVE_ARCH = YES;
				SDKROOT = iphoneos;
				SWIFT_ACTIVE_COMPILATION_CONDITIONS = "DEBUG $(inherited)";
				SWIFT_OPTIMIZATION_LEVEL = "-Onone";
			};
			name = Debug;
		};
		534E98552C58B7C300EBF307 /* Release */ = {
			isa = XCBuildConfiguration;
			buildSettings = {
				ALWAYS_SEARCH_USER_PATHS = NO;
				ASSETCATALOG_COMPILER_GENERATE_SWIFT_ASSET_SYMBOL_EXTENSIONS = YES;
				CLANG_ANALYZER_NONNULL = YES;
				CLANG_ANALYZER_NUMBER_OBJECT_CONVERSION = YES_AGGRESSIVE;
				CLANG_CXX_LANGUAGE_STANDARD = "gnu++20";
				CLANG_ENABLE_MODULES = YES;
				CLANG_ENABLE_OBJC_ARC = YES;
				CLANG_ENABLE_OBJC_WEAK = YES;
				CLANG_WARN_BLOCK_CAPTURE_AUTORELEASING = YES;
				CLANG_WARN_BOOL_CONVERSION = YES;
				CLANG_WARN_COMMA = YES;
				CLANG_WARN_CONSTANT_CONVERSION = YES;
				CLANG_WARN_DEPRECATED_OBJC_IMPLEMENTATIONS = YES;
				CLANG_WARN_DIRECT_OBJC_ISA_USAGE = YES_ERROR;
				CLANG_WARN_DOCUMENTATION_COMMENTS = YES;
				CLANG_WARN_EMPTY_BODY = YES;
				CLANG_WARN_ENUM_CONVERSION = YES;
				CLANG_WARN_INFINITE_RECURSION = YES;
				CLANG_WARN_INT_CONVERSION = YES;
				CLANG_WARN_NON_LITERAL_NULL_CONVERSION = YES;
				CLANG_WARN_OBJC_IMPLICIT_RETAIN_SELF = YES;
				CLANG_WARN_OBJC_LITERAL_CONVERSION = YES;
				CLANG_WARN_OBJC_ROOT_CLASS = YES_ERROR;
				CLANG_WARN_QUOTED_INCLUDE_IN_FRAMEWORK_HEADER = YES;
				CLANG_WARN_RANGE_LOOP_ANALYSIS = YES;
				CLANG_WARN_STRICT_PROTOTYPES = YES;
				CLANG_WARN_SUSPICIOUS_MOVE = YES;
				CLANG_WARN_UNGUARDED_AVAILABILITY = YES_AGGRESSIVE;
				CLANG_WARN_UNREACHABLE_CODE = YES;
				CLANG_WARN__DUPLICATE_METHOD_MATCH = YES;
				COPY_PHASE_STRIP = NO;
				DEBUG_INFORMATION_FORMAT = "dwarf-with-dsym";
				ENABLE_NS_ASSERTIONS = NO;
				ENABLE_STRICT_OBJC_MSGSEND = YES;
				ENABLE_USER_SCRIPT_SANDBOXING = YES;
				GCC_C_LANGUAGE_STANDARD = gnu17;
				GCC_NO_COMMON_BLOCKS = YES;
				GCC_WARN_64_TO_32_BIT_CONVERSION = YES;
				GCC_WARN_ABOUT_RETURN_TYPE = YES_ERROR;
				GCC_WARN_UNDECLARED_SELECTOR = YES;
				GCC_WARN_UNINITIALIZED_AUTOS = YES_AGGRESSIVE;
				GCC_WARN_UNUSED_FUNCTION = YES;
				GCC_WARN_UNUSED_VARIABLE = YES;
				IPHONEOS_DEPLOYMENT_TARGET = 17.5;
				LOCALIZATION_PREFERS_STRING_CATALOGS = YES;
				MTL_ENABLE_DEBUG_INFO = NO;
				MTL_FAST_MATH = YES;
				SDKROOT = iphoneos;
				SWIFT_COMPILATION_MODE = wholemodule;
				VALIDATE_PRODUCT = YES;
			};
			name = Release;
		};
		534E98572C58B7C300EBF307 /* Debug */ = {
			isa = XCBuildConfiguration;
			buildSettings = {
				ASSETCATALOG_COMPILER_APPICON_NAME = AppIcon;
				ASSETCATALOG_COMPILER_GLOBAL_ACCENT_COLOR_NAME = AccentColor;
				CODE_SIGN_STYLE = Automatic;
				CURRENT_PROJECT_VERSION = 1;
				GENERATE_INFOPLIST_FILE = YES;
				INFOPLIST_FILE = CriccBuzzMovieApp/Info.plist;
				INFOPLIST_KEY_UIApplicationSupportsIndirectInputEvents = YES;
				INFOPLIST_KEY_UILaunchStoryboardName = LaunchScreen;
				INFOPLIST_KEY_UIMainStoryboardFile = Main;
				INFOPLIST_KEY_UISupportedInterfaceOrientations_iPad = "UIInterfaceOrientationPortrait UIInterfaceOrientationPortraitUpsideDown UIInterfaceOrientationLandscapeLeft UIInterfaceOrientationLandscapeRight";
				INFOPLIST_KEY_UISupportedInterfaceOrientations_iPhone = "UIInterfaceOrientationPortrait UIInterfaceOrientationLandscapeLeft UIInterfaceOrientationLandscapeRight";
				LD_RUNPATH_SEARCH_PATHS = (
					"$(inherited)",
					"@executable_path/Frameworks",
				);
				MARKETING_VERSION = 1.0;
				PRODUCT_BUNDLE_IDENTIFIER = com.criccbuzz.CriccBuzzMovieApp;
				PRODUCT_NAME = "$(TARGET_NAME)";
				SWIFT_EMIT_LOC_STRINGS = YES;
				SWIFT_VERSION = 5.0;
				TARGETED_DEVICE_FAMILY = "1,2";
			};
			name = Debug;
		};
		534E98582C58B7C300EBF307 /* Release */ = {
			isa = XCBuildConfiguration;
			buildSettings = {
				ASSETCATALOG_COMPILER_APPICON_NAME = AppIcon;
				ASSETCATALOG_COMPILER_GLOBAL_ACCENT_COLOR_NAME = AccentColor;
				CODE_SIGN_STYLE = Automatic;
				CURRENT_PROJECT_VERSION = 1;
				GENERATE_INFOPLIST_FILE = YES;
				INFOPLIST_FILE = CriccBuzzMovieApp/Info.plist;
				INFOPLIST_KEY_UIApplicationSupportsIndirectInputEvents = YES;
				INFOPLIST_KEY_UILaunchStoryboardName = LaunchScreen;
				INFOPLIST_KEY_UIMainStoryboardFile = Main;
				INFOPLIST_KEY_UISupportedInterfaceOrientations_iPad = "UIInterfaceOrientationPortrait UIInterfaceOrientationPortraitUpsideDown UIInterfaceOrientationLandscapeLeft UIInterfaceOrientationLandscapeRight";
				INFOPLIST_KEY_UISupportedInterfaceOrientations_iPhone = "UIInterfaceOrientationPortrait UIInterfaceOrientationLandscapeLeft UIInterfaceOrientationLandscapeRight";
				LD_RUNPATH_SEARCH_PATHS = (
					"$(inherited)",
					"@executable_path/Frameworks",
				);
				MARKETING_VERSION = 1.0;
				PRODUCT_BUNDLE_IDENTIFIER = com.criccbuzz.CriccBuzzMovieApp;
				PRODUCT_NAME = "$(TARGET_NAME)";
				SWIFT_EMIT_LOC_STRINGS = YES;
				SWIFT_VERSION = 5.0;
				TARGETED_DEVICE_FAMILY = "1,2";
			};
			name = Release;
		};
/* End XCBuildConfiguration section */

/* Begin XCConfigurationList section */
		534E983D2C58B7C200EBF307 /* Build configuration list for PBXProject "CriccBuzzMovieApp" */ = {
			isa = XCConfigurationList;
			buildConfigurations = (
				534E98542C58B7C300EBF307 /* Debug */,
				534E98552C58B7C300EBF307 /* Release */,
			);
			defaultConfigurationIsVisible = 0;
			defaultConfigurationName = Release;
		};
		534E98562C58B7C300EBF307 /* Build configuration list for PBXNativeTarget "CriccBuzzMovieApp" */ = {
			isa = XCConfigurationList;
			buildConfigurations = (
				534E98572C58B7C300EBF307 /* Debug */,
				534E98582C58B7C300EBF307 /* Release */,
			);
			defaultConfigurationIsVisible = 0;
			defaultConfigurationName = Release;
		};
/* End XCConfigurationList section */
	};
	rootObject = 534E983A2C58B7C200EBF307 /* Project object */;
}
